
Microsoft Visual Studio Solution File, Format Version 12.00
# Visual Studio Version 17
VisualStudioVersion = 17.14.36127.28 d17.14
MinimumVisualStudioVersion = 10.0.40219.1
Project("{8BC9CEB8-8B4A-11D0-8D11-00A0C91BC942}") = "Day14", "Day14\Day14.vcxproj", "{5B9D60D0-C0B0-4CA4-BB4B-ACF790B94FCC}"
EndProject
Global
	GlobalSection(SolutionConfigurationPlatforms) = preSolution
		Debug|x64 = Debug|x64
		Debug|x86 = Debug|x86
		Release|x64 = Release|x64
		Release|x86 = Release|x86
	EndGlobalSection
	GlobalSection(ProjectConfigurationPlatforms) = postSolution
		{5B9D60D0-C0B0-4CA4-BB4B-ACF790B94FCC}.Debug|x64.ActiveCfg = Debug|x64
		{5B9D60D0-C0B0-4CA4-BB4B-ACF790B94FCC}.Debug|x64.Build.0 = Debug|x64
		{5B9D60D0-C0B0-4CA4-BB4B-ACF790B94FCC}.Debug|x86.ActiveCfg = Debug|Win32
		{5B9D60D0-C0B0-4CA4-BB4B-ACF790B94FCC}.Debug|x86.Build.0 = Debug|Win32
		{5B9D60D0-C0B0-4CA4-BB4B-ACF790B94FCC}.Release|x64.ActiveCfg = Release|x64
		{5B9D60D0-C0B0-4CA4-BB4B-ACF790B94FCC}.Release|x64.Build.0 = Release|x64
		{5B9D60D0-C0B0-4CA4-BB4B-ACF790B94FCC}.Release|x86.ActiveCfg = Release|Win32
		{5B9D60D0-C0B0-4CA4-BB4B-ACF790B94FCC}.Release|x86.Build.0 = Release|Win32
	EndGlobalSection
	GlobalSection(SolutionProperties) = preSolution
		HideSolutionNode = FALSE
	EndGlobalSection
	GlobalSection(ExtensibilityGlobals) = postSolution
		SolutionGuid = {AF0141D1-4FC1-4C77-B7B2-414009FDFB29}
	EndGlobalSection
EndGlobal
