
Microsoft Visual Studio Solution File, Format Version 12.00
# Visual Studio Version 17
VisualStudioVersion = 17.14.36212.18 d17.14
MinimumVisualStudioVersion = 10.0.40219.1
Project("{8BC9CEB8-8B4A-11D0-8D11-00A0C91BC942}") = "Doubly_Linked_List_Day20", "Doubly_Linked_List_Day20.vcxproj", "{A00F8EA4-F9E6-430E-BE5D-0B7D7F9C5C49}"
EndProject
Global
	GlobalSection(SolutionConfigurationPlatforms) = preSolution
		Debug|x64 = Debug|x64
		Debug|x86 = Debug|x86
		Release|x64 = Release|x64
		Release|x86 = Release|x86
	EndGlobalSection
	GlobalSection(ProjectConfigurationPlatforms) = postSolution
		{A00F8EA4-F9E6-430E-BE5D-0B7D7F9C5C49}.Debug|x64.ActiveCfg = Debug|x64
		{A00F8EA4-F9E6-430E-BE5D-0B7D7F9C5C49}.Debug|x64.Build.0 = Debug|x64
		{A00F8EA4-F9E6-430E-BE5D-0B7D7F9C5C49}.Debug|x86.ActiveCfg = Debug|Win32
		{A00F8EA4-F9E6-430E-BE5D-0B7D7F9C5C49}.Debug|x86.Build.0 = Debug|Win32
		{A00F8EA4-F9E6-430E-BE5D-0B7D7F9C5C49}.Release|x64.ActiveCfg = Release|x64
		{A00F8EA4-F9E6-430E-BE5D-0B7D7F9C5C49}.Release|x64.Build.0 = Release|x64
		{A00F8EA4-F9E6-430E-BE5D-0B7D7F9C5C49}.Release|x86.ActiveCfg = Release|Win32
		{A00F8EA4-F9E6-430E-BE5D-0B7D7F9C5C49}.Release|x86.Build.0 = Release|Win32
	EndGlobalSection
	GlobalSection(SolutionProperties) = preSolution
		HideSolutionNode = FALSE
	EndGlobalSection
	GlobalSection(ExtensibilityGlobals) = postSolution
		SolutionGuid = {13210CC0-E7E7-49FF-B6C8-746D1F27210E}
	EndGlobalSection
EndGlobal
