
Microsoft Visual Studio Solution File, Format Version 12.00
# Visual Studio Version 17
VisualStudioVersion = 17.14.36127.28 d17.14
MinimumVisualStudioVersion = 10.0.40219.1
Project("{8BC9CEB8-8B4A-11D0-8D11-00A0C91BC942}") = "Day13_2", "Day13_2\Day13_2.vcxproj", "{F164DEEA-AF18-40D4-AB4C-4AA6DCCF30BE}"
EndProject
Global
	GlobalSection(SolutionConfigurationPlatforms) = preSolution
		Debug|x64 = Debug|x64
		Debug|x86 = Debug|x86
		Release|x64 = Release|x64
		Release|x86 = Release|x86
	EndGlobalSection
	GlobalSection(ProjectConfigurationPlatforms) = postSolution
		{F164DEEA-AF18-40D4-AB4C-4AA6DCCF30BE}.Debug|x64.ActiveCfg = Debug|x64
		{F164DEEA-AF18-40D4-AB4C-4AA6DCCF30BE}.Debug|x64.Build.0 = Debug|x64
		{F164DEEA-AF18-40D4-AB4C-4AA6DCCF30BE}.Debug|x86.ActiveCfg = Debug|Win32
		{F164DEEA-AF18-40D4-AB4C-4AA6DCCF30BE}.Debug|x86.Build.0 = Debug|Win32
		{F164DEEA-AF18-40D4-AB4C-4AA6DCCF30BE}.Release|x64.ActiveCfg = Release|x64
		{F164DEEA-AF18-40D4-AB4C-4AA6DCCF30BE}.Release|x64.Build.0 = Release|x64
		{F164DEEA-AF18-40D4-AB4C-4AA6DCCF30BE}.Release|x86.ActiveCfg = Release|Win32
		{F164DEEA-AF18-40D4-AB4C-4AA6DCCF30BE}.Release|x86.Build.0 = Release|Win32
	EndGlobalSection
	GlobalSection(SolutionProperties) = preSolution
		HideSolutionNode = FALSE
	EndGlobalSection
	GlobalSection(ExtensibilityGlobals) = postSolution
		SolutionGuid = {B5D01748-9AA3-4328-8992-BB1A90272C41}
	EndGlobalSection
EndGlobal
